
Microsoft Visual Studio Solution File, Format Version 12.00
# Visual Studio Version 17
VisualStudioVersion = 17.2.32602.215
MinimumVisualStudioVersion = 10.0.40219.1
Project("{9A19103F-16F7-4668-BE54-9A1E7A4F7556}") = "Api", "Api\Api.csproj", "{508045A0-119C-4440-8808-1A7BF8C1299C}"
EndProject
Project("{2150E333-8FDC-42A3-9474-1A3956D46DE8}") = "01_App", "01_App", "{0FDE5BC4-96BC-4F68-96C6-62A0A6B9DD35}"
EndProject
Project("{2150E333-8FDC-42A3-9474-1A3956D46DE8}") = "02_Services", "02_Services", "{2B5D5139-8A10-4DBB-A521-875252C32EF7}"
EndProject
Project("{2150E333-8FDC-42A3-9474-1A3956D46DE8}") = "03_Infrastructure", "03_Infrastructure", "{C4C1BB42-3321-4F09-BC72-CD6D4FD443C2}"
EndProject
Project("{9A19103F-16F7-4668-BE54-9A1E7A4F7556}") = "Helpers", "Helpers\Helpers.csproj", "{CBB6073A-CCDE-445C-81AE-A0192DAB4450}"
EndProject
Project("{9A19103F-16F7-4668-BE54-9A1E7A4F7556}") = "Interfaces", "Interfaces\Interfaces.csproj", "{18F56528-8DFA-4EE1-B1CC-9E214543DCC5}"
EndProject
Project("{9A19103F-16F7-4668-BE54-9A1E7A4F7556}") = "Services", "Services\Services.csproj", "{64F19F32-3BE5-4BE6-A4E3-11D43893326A}"
EndProject
Project("{9A19103F-16F7-4668-BE54-9A1E7A4F7556}") = "Dominio", "Dominio\Dominio.csproj", "{36BE7FF4-2BE0-47A6-9EEC-C67A892E9B7A}"
EndProject
Project("{9A19103F-16F7-4668-BE54-9A1E7A4F7556}") = "Infrastructure", "Infrastructure\Infrastructure.csproj", "{9FE2F693-3657-4F91-868E-93C1974877D5}"
EndProject
Project("{9A19103F-16F7-4668-BE54-9A1E7A4F7556}") = "Repositories", "Repositories\Repositories.csproj", "{C2AB4359-811F-4C00-8DDA-244B66FB02A4}"
EndProject
Project("{2150E333-8FDC-42A3-9474-1A3956D46DE8}") = "04_Testing", "04_Testing", "{D2D31000-E5C4-4E80-A3B1-DB5B9FBED7E6}"
EndProject
Project("{FAE04EC0-301F-11D3-BF4B-00C04F79EFBC}") = "Testing", "Testing\Testing.csproj", "{6211D07B-DB6F-45F7-BD64-38EC58976CE7}"
EndProject
Global
	GlobalSection(SolutionConfigurationPlatforms) = preSolution
		Debug|Any CPU = Debug|Any CPU
		Release|Any CPU = Release|Any CPU
	EndGlobalSection
	GlobalSection(ProjectConfigurationPlatforms) = postSolution
		{508045A0-119C-4440-8808-1A7BF8C1299C}.Debug|Any CPU.ActiveCfg = Debug|Any CPU
		{508045A0-119C-4440-8808-1A7BF8C1299C}.Debug|Any CPU.Build.0 = Debug|Any CPU
		{508045A0-119C-4440-8808-1A7BF8C1299C}.Release|Any CPU.ActiveCfg = Release|Any CPU
		{508045A0-119C-4440-8808-1A7BF8C1299C}.Release|Any CPU.Build.0 = Release|Any CPU
		{CBB6073A-CCDE-445C-81AE-A0192DAB4450}.Debug|Any CPU.ActiveCfg = Debug|Any CPU
		{CBB6073A-CCDE-445C-81AE-A0192DAB4450}.Debug|Any CPU.Build.0 = Debug|Any CPU
		{CBB6073A-CCDE-445C-81AE-A0192DAB4450}.Release|Any CPU.ActiveCfg = Release|Any CPU
		{CBB6073A-CCDE-445C-81AE-A0192DAB4450}.Release|Any CPU.Build.0 = Release|Any CPU
		{18F56528-8DFA-4EE1-B1CC-9E214543DCC5}.Debug|Any CPU.ActiveCfg = Debug|Any CPU
		{18F56528-8DFA-4EE1-B1CC-9E214543DCC5}.Debug|Any CPU.Build.0 = Debug|Any CPU
		{18F56528-8DFA-4EE1-B1CC-9E214543DCC5}.Release|Any CPU.ActiveCfg = Release|Any CPU
		{18F56528-8DFA-4EE1-B1CC-9E214543DCC5}.Release|Any CPU.Build.0 = Release|Any CPU
		{64F19F32-3BE5-4BE6-A4E3-11D43893326A}.Debug|Any CPU.ActiveCfg = Debug|Any CPU
		{64F19F32-3BE5-4BE6-A4E3-11D43893326A}.Debug|Any CPU.Build.0 = Debug|Any CPU
		{64F19F32-3BE5-4BE6-A4E3-11D43893326A}.Release|Any CPU.ActiveCfg = Release|Any CPU
		{64F19F32-3BE5-4BE6-A4E3-11D43893326A}.Release|Any CPU.Build.0 = Release|Any CPU
		{36BE7FF4-2BE0-47A6-9EEC-C67A892E9B7A}.Debug|Any CPU.ActiveCfg = Debug|Any CPU
		{36BE7FF4-2BE0-47A6-9EEC-C67A892E9B7A}.Debug|Any CPU.Build.0 = Debug|Any CPU
		{36BE7FF4-2BE0-47A6-9EEC-C67A892E9B7A}.Release|Any CPU.ActiveCfg = Release|Any CPU
		{36BE7FF4-2BE0-47A6-9EEC-C67A892E9B7A}.Release|Any CPU.Build.0 = Release|Any CPU
		{9FE2F693-3657-4F91-868E-93C1974877D5}.Debug|Any CPU.ActiveCfg = Debug|Any CPU
		{9FE2F693-3657-4F91-868E-93C1974877D5}.Debug|Any CPU.Build.0 = Debug|Any CPU
		{9FE2F693-3657-4F91-868E-93C1974877D5}.Release|Any CPU.ActiveCfg = Release|Any CPU
		{9FE2F693-3657-4F91-868E-93C1974877D5}.Release|Any CPU.Build.0 = Release|Any CPU
		{C2AB4359-811F-4C00-8DDA-244B66FB02A4}.Debug|Any CPU.ActiveCfg = Debug|Any CPU
		{C2AB4359-811F-4C00-8DDA-244B66FB02A4}.Debug|Any CPU.Build.0 = Debug|Any CPU
		{C2AB4359-811F-4C00-8DDA-244B66FB02A4}.Release|Any CPU.ActiveCfg = Release|Any CPU
		{C2AB4359-811F-4C00-8DDA-244B66FB02A4}.Release|Any CPU.Build.0 = Release|Any CPU
		{6211D07B-DB6F-45F7-BD64-38EC58976CE7}.Debug|Any CPU.ActiveCfg = Debug|Any CPU
		{6211D07B-DB6F-45F7-BD64-38EC58976CE7}.Debug|Any CPU.Build.0 = Debug|Any CPU
		{6211D07B-DB6F-45F7-BD64-38EC58976CE7}.Release|Any CPU.ActiveCfg = Release|Any CPU
		{6211D07B-DB6F-45F7-BD64-38EC58976CE7}.Release|Any CPU.Build.0 = Release|Any CPU
	EndGlobalSection
	GlobalSection(SolutionProperties) = preSolution
		HideSolutionNode = FALSE
	EndGlobalSection
	GlobalSection(NestedProjects) = preSolution
		{508045A0-119C-4440-8808-1A7BF8C1299C} = {0FDE5BC4-96BC-4F68-96C6-62A0A6B9DD35}
		{CBB6073A-CCDE-445C-81AE-A0192DAB4450} = {0FDE5BC4-96BC-4F68-96C6-62A0A6B9DD35}
		{18F56528-8DFA-4EE1-B1CC-9E214543DCC5} = {2B5D5139-8A10-4DBB-A521-875252C32EF7}
		{64F19F32-3BE5-4BE6-A4E3-11D43893326A} = {2B5D5139-8A10-4DBB-A521-875252C32EF7}
		{36BE7FF4-2BE0-47A6-9EEC-C67A892E9B7A} = {C4C1BB42-3321-4F09-BC72-CD6D4FD443C2}
		{9FE2F693-3657-4F91-868E-93C1974877D5} = {C4C1BB42-3321-4F09-BC72-CD6D4FD443C2}
		{C2AB4359-811F-4C00-8DDA-244B66FB02A4} = {C4C1BB42-3321-4F09-BC72-CD6D4FD443C2}
		{6211D07B-DB6F-45F7-BD64-38EC58976CE7} = {D2D31000-E5C4-4E80-A3B1-DB5B9FBED7E6}
	EndGlobalSection
	GlobalSection(ExtensibilityGlobals) = postSolution
		SolutionGuid = {35BC1FC6-1B82-4BE3-B0BC-DAB5EC0C025B}
	EndGlobalSection
EndGlobal
